
Microsoft Visual Studio Solution File, Format Version 12.00
# Visual Studio Version 17
VisualStudioVersion = 17.5.33516.290
MinimumVisualStudioVersion = 10.0.40219.1
Project("{FAE04EC0-301F-11D3-BF4B-00C04F79EFBC}") = "TemelProgramlama", "TemelProgramlama\TemelProgramlama.csproj", "{84987CE2-FDA9-4DD4-90EA-90AED7E7853B}"
EndProject
Global
	GlobalSection(SolutionConfigurationPlatforms) = preSolution
		Debug|Any CPU = Debug|Any CPU
		Release|Any CPU = Release|Any CPU
	EndGlobalSection
	GlobalSection(ProjectConfigurationPlatforms) = postSolution
		{84987CE2-FDA9-4DD4-90EA-90AED7E7853B}.Debug|Any CPU.ActiveCfg = Debug|Any CPU
		{84987CE2-FDA9-4DD4-90EA-90AED7E7853B}.Debug|Any CPU.Build.0 = Debug|Any CPU
		{84987CE2-FDA9-4DD4-90EA-90AED7E7853B}.Release|Any CPU.ActiveCfg = Release|Any CPU
		{84987CE2-FDA9-4DD4-90EA-90AED7E7853B}.Release|Any CPU.Build.0 = Release|Any CPU
	EndGlobalSection
	GlobalSection(SolutionProperties) = preSolution
		HideSolutionNode = FALSE
	EndGlobalSection
	GlobalSection(ExtensibilityGlobals) = postSolution
		SolutionGuid = {D9CD4D0F-0594-40A6-810D-DB45ECD36BB9}
	EndGlobalSection
EndGlobal
