
Microsoft Visual Studio Solution File, Format Version 12.00
# Visual Studio Version 17
VisualStudioVersion = 17.5.33516.290
MinimumVisualStudioVersion = 10.0.40219.1
Project("{FAE04EC0-301F-11D3-BF4B-00C04F79EFBC}") = "KontrolYapilariSwitch", "KontrolYapilariSwitch\KontrolYapilariSwitch.csproj", "{A044848F-4CA1-403F-8367-46682C06D822}"
EndProject
Global
	GlobalSection(SolutionConfigurationPlatforms) = preSolution
		Debug|Any CPU = Debug|Any CPU
		Release|Any CPU = Release|Any CPU
	EndGlobalSection
	GlobalSection(ProjectConfigurationPlatforms) = postSolution
		{A044848F-4CA1-403F-8367-46682C06D822}.Debug|Any CPU.ActiveCfg = Debug|Any CPU
		{A044848F-4CA1-403F-8367-46682C06D822}.Debug|Any CPU.Build.0 = Debug|Any CPU
		{A044848F-4CA1-403F-8367-46682C06D822}.Release|Any CPU.ActiveCfg = Release|Any CPU
		{A044848F-4CA1-403F-8367-46682C06D822}.Release|Any CPU.Build.0 = Release|Any CPU
	EndGlobalSection
	GlobalSection(SolutionProperties) = preSolution
		HideSolutionNode = FALSE
	EndGlobalSection
	GlobalSection(ExtensibilityGlobals) = postSolution
		SolutionGuid = {0B4D2B03-6484-4F83-861C-E1E88DEF946A}
	EndGlobalSection
EndGlobal
